// !$*UTF8*$!
{
	archiveVersion = 1;
	classes = {
	};
	objectVersion = 77;
	objects = {

/* Begin PBXBuildFile section */
		DDA1D1402FE23BF200291422 /* Supabase in Frameworks */ = {isa = PBXBuildFile; productRef = AA0000042FDFC10000B8AC17 /* Supabase */; };
/* End PBXBuildFile section */

/* Begin PBXFileReference section */
		AA0000012FDFC10000B8AC17 /* AltiPin.xcconfig */ = {isa = PBXFileReference; lastKnownFileType = text.xcconfig; path = AltiPin.xcconfig; sourceTree = "<group>"; };
		DD3C56462FDFB9DC00B8AC17 /* AltiPin.app */ = {isa = PBXFileReference; explicitFileType = wrapper.application; includeInIndex = 0; path = AltiPin.app; sourceTree = BUILT_PRODUCTS_DIR; };
/* End PBXFileReference section */

/* Begin PBXFileSystemSynchronizedBuildFileExceptionSet section */
		AA0000052FDFC20000B8AC17 /* Exceptions for "AltiPin" folder in "AltiPin" target */ = {
			isa = PBXFileSystemSynchronizedBuildFileExceptionSet;
			membershipExceptions = (
				Config/AltiPin.xcconfig,
				"Config/Supabase-Info.plist",
			);
			target = DD3C56452FDFB9DC00B8AC17 /* AltiPin */;
		};
/* End PBXFileSystemSynchronizedBuildFileExceptionSet section */

/* Begin PBXFileSystemSynchronizedRootGroup section */
		DD3C56482FDFB9DC00B8AC17 /* AltiPin */ = {
			isa = PBXFileSystemSynchronizedRootGroup;
			exceptions = (
				AA0000052FDFC20000B8AC17 /* Exceptions for "AltiPin" folder in "AltiPin" target */,
			);
			path = AltiPin;
			sourceTree = "<group>";
		};
/* End PBXFileSystemSynchronizedRootGroup section */

/* Begin PBXFrameworksBuildPhase section */
		DD3C56432FDFB9DC00B8AC17 /* Frameworks */ = {
			isa = PBXFrameworksBuildPhase;
			buildActionMask = 2147483647;
			files = (
				DDA1D1402FE23BF200291422 /* Supabase in Frameworks */,
			);
			runOnlyForDeploymentPostprocessing = 0;
		};
/* End PBXFrameworksBuildPhase section */

/* Begin PBXGroup section */
		AA0000022FDFC10000B8AC17 /* Config */ = {
			isa = PBXGroup;
			children = (
				AA0000012FDFC10000B8AC17 /* AltiPin.xcconfig */,
			);
			name = Config;
			path = AltiPin/Config;
			sourceTree = "<group>";
		};
		DD3C563D2FDFB9DC00B8AC17 = {
			isa = PBXGroup;
			children = (
				AA0000022FDFC10000B8AC17 /* Config */,
				DD3C56482FDFB9DC00B8AC17 /* AltiPin */,
				DD3C56472FDFB9DC00B8AC17 /* Products */,
			);
			sourceTree = "<group>";
		};
		DD3C56472FDFB9DC00B8AC17 /* Products */ = {
			isa = PBXGroup;
			children = (
				DD3C56462FDFB9DC00B8AC17 /* AltiPin.app */,
			);
			name = Products;
			sourceTree = "<group>";
		};
/* End PBXGroup section */

/* Begin PBXNativeTarget section */
		DD3C56452FDFB9DC00B8AC17 /* AltiPin */ = {
			isa = PBXNativeTarget;
			buildConfigurationList = DD3C56532FDFB9DD00B8AC17 /* Build configuration list for PBXNativeTarget "AltiPin" */;
			buildPhases = (
				DD3C56422FDFB9DC00B8AC17 /* Sources */,
				DD3C56432FDFB9DC00B8AC17 /* Frameworks */,
				DD3C56442FDFB9DC00B8AC17 /* Resources */,
			);
			buildRules = (
			);
			dependencies = (
			);
			fileSystemSynchronizedGroups = (
				DD3C56482FDFB9DC00B8AC17 /* AltiPin */,
			);
			name = AltiPin;
			packageProductDependencies = (
				AA0000042FDFC10000B8AC17 /* Supabase */,
			);
			productName = AltiPin;
			productReference = DD3C56462FDFB9DC00B8AC17 /* AltiPin.app */;
			productType = "com.apple.product-type.application";
		};
/* End PBXNativeTarget section */

/* Begin PBXProject section */
		DD3C563E2FDFB9DC00B8AC17 /* Project object */ = {
			isa = PBXProject;
			attributes = {
				BuildIndependentTargetsInParallel = 1;
				LastSwiftUpdateCheck = 2650;
				LastUpgradeCheck = 2650;
				TargetAttributes = {
					DD3C56452FDFB9DC00B8AC17 = {
						CreatedOnToolsVersion = 26.5;
					};
				};
			};
			buildConfigurationList = DD3C56412FDFB9DC00B8AC17 /* Build configuration list for PBXProject "AltiPin" */;
			developmentRegion = en;
			hasScannedForEncodings = 0;
			knownRegions = (
				ar,
				Base,
				en,
				es,
				fr,
				hi,
				ja,
				"pt-BR",
				"zh-Hans",
				"zh-Hant",
			);
			mainGroup = DD3C563D2FDFB9DC00B8AC17;
			minimizedProjectReferenceProxies = 1;
			packageReferences = (
				AA0000032FDFC10000B8AC17 /* XCRemoteSwiftPackageReference "supabase-swift" */,
			);
			preferredProjectObjectVersion = 77;
			productRefGroup = DD3C56472FDFB9DC00B8AC17 /* Products */;
			projectDirPath = "";
			projectRoot = "";
			targets = (
				DD3C56452FDFB9DC00B8AC17 /* AltiPin */,
			);
		};
/* End PBXProject section */

/* Begin PBXResourcesBuildPhase section */
		DD3C56442FDFB9DC00B8AC17 /* Resources */ = {
			isa = PBXResourcesBuildPhase;
			buildActionMask = 2147483647;
			files = (
			);
			runOnlyForDeploymentPostprocessing = 0;
		};
/* End PBXResourcesBuildPhase section */

/* Begin PBXSourcesBuildPhase section */
		DD3C56422FDFB9DC00B8AC17 /* Sources */ = {
			isa = PBXSourcesBuildPhase;
			buildActionMask = 2147483647;
			files = (
			);
			runOnlyForDeploymentPostprocessing = 0;
		};
/* End PBXSourcesBuildPhase section */

/* Begin XCBuildConfiguration section */
		DD3C56512FDFB9DD00B8AC17 /* Debug */ = {
			isa = XCBuildConfiguration;
			baseConfigurationReference = AA0000012FDFC10000B8AC17 /* AltiPin.xcconfig */;
			buildSettings = {
				ALWAYS_SEARCH_USER_PATHS = NO;
				ASSETCATALOG_COMPILER_GENERATE_SWIFT_ASSET_SYMBOL_EXTENSIONS = YES;
				CLANG_ANALYZER_NONNULL = YES;
				CLANG_ANALYZER_NUMBER_OBJECT_CONVERSION = YES_AGGRESSIVE;
				CLANG_CXX_LANGUAGE_STANDARD = "gnu++20";
				CLANG_ENABLE_MODULES = YES;
				CLANG_ENABLE_OBJC_ARC = YES;
				CLANG_ENABLE_OBJC_WEAK = YES;
				CLANG_WARN_BLOCK_CAPTURE_AUTORELEASING = YES;
				CLANG_WARN_BOOL_CONVERSION = YES;
				CLANG_WARN_COMMA = YES;
				CLANG_WARN_CONSTANT_CONVERSION = YES;
				CLANG_WARN_DEPRECATED_OBJC_IMPLEMENTATIONS = YES;
				CLANG_WARN_DIRECT_OBJC_ISA_USAGE = YES_ERROR;
				CLANG_WARN_DOCUMENTATION_COMMENTS = YES;
				CLANG_WARN_EMPTY_BODY = YES;
				CLANG_WARN_ENUM_CONVERSION = YES;
				CLANG_WARN_INFINITE_RECURSION = YES;
				CLANG_WARN_INT_CONVERSION = YES;
				CLANG_WARN_NON_LITERAL_NULL_CONVERSION = YES;
				CLANG_WARN_OBJC_IMPLICIT_RETAIN_SELF = YES;
				CLANG_WARN_OBJC_LITERAL_CONVERSION = YES;
				CLANG_WARN_OBJC_ROOT_CLASS = YES_ERROR;
				CLANG_WARN_QUOTED_INCLUDE_IN_FRAMEWORK_HEADER = YES;
				CLANG_WARN_RANGE_LOOP_ANALYSIS = YES;
				CLANG_WARN_STRICT_PROTOTYPES = YES;
				CLANG_WARN_SUSPICIOUS_MOVE = YES;
				CLANG_WARN_UNGUARDED_AVAILABILITY = YES_AGGRESSIVE;
				CLANG_WARN_UNREACHABLE_CODE = YES;
				CLANG_WARN__DUPLICATE_METHOD_MATCH = YES;
				COPY_PHASE_STRIP = NO;
				DEBUG_INFORMATION_FORMAT = dwarf;
				DEVELOPMENT_TEAM = 34878H47P6;
				ENABLE_STRICT_OBJC_MSGSEND = YES;
				ENABLE_TESTABILITY = YES;
				ENABLE_USER_SCRIPT_SANDBOXING = YES;
				GCC_C_LANGUAGE_STANDARD = gnu17;
				GCC_DYNAMIC_NO_PIC = NO;
				GCC_NO_COMMON_BLOCKS = YES;
				GCC_OPTIMIZATION_LEVEL = 0;
				GCC_PREPROCESSOR_DEFINITIONS = (
					"DEBUG=1",
					"$(inherited)",
				);
				GCC_WARN_64_TO_32_BIT_CONVERSION = YES;
				GCC_WARN_ABOUT_RETURN_TYPE = YES_ERROR;
				GCC_WARN_UNDECLARED_SELECTOR = YES;
				GCC_WARN_UNINITIALIZED_AUTOS = YES_AGGRESSIVE;
				GCC_WARN_UNUSED_FUNCTION = YES;
				GCC_WARN_UNUSED_VARIABLE = YES;
				IPHONEOS_DEPLOYMENT_TARGET = 26.5;
				LOCALIZATION_PREFERS_STRING_CATALOGS = YES;
				MTL_ENABLE_DEBUG_INFO = INCLUDE_SOURCE;
				MTL_FAST_MATH = YES;
				ONLY_ACTIVE_ARCH = YES;
				SDKROOT = iphoneos;
				SWIFT_ACTIVE_COMPILATION_CONDITIONS = "DEBUG $(inherited)";
				SWIFT_OPTIMIZATION_LEVEL = "-Onone";
			};
			name = Debug;
		};
		DD3C56522FDFB9DD00B8AC17 /* Release */ = {
			isa = XCBuildConfiguration;
			baseConfigurationReference = AA0000012FDFC10000B8AC17 /* AltiPin.xcconfig */;
			buildSettings = {
				ALWAYS_SEARCH_USER_PATHS = NO;
				ASSETCATALOG_COMPILER_GENERATE_SWIFT_ASSET_SYMBOL_EXTENSIONS = YES;
				CLANG_ANALYZER_NONNULL = YES;
				CLANG_ANALYZER_NUMBER_OBJECT_CONVERSION = YES_AGGRESSIVE;
				CLANG_CXX_LANGUAGE_STANDARD = "gnu++20";
				CLANG_ENABLE_MODULES = YES;
				CLANG_ENABLE_OBJC_ARC = YES;
				CLANG_ENABLE_OBJC_WEAK = YES;
				CLANG_WARN_BLOCK_CAPTURE_AUTORELEASING = YES;
				CLANG_WARN_BOOL_CONVERSION = YES;
				CLANG_WARN_COMMA = YES;
				CLANG_WARN_CONSTANT_CONVERSION = YES;
				CLANG_WARN_DEPRECATED_OBJC_IMPLEMENTATIONS = YES;
				CLANG_WARN_DIRECT_OBJC_ISA_USAGE = YES_ERROR;
				CLANG_WARN_DOCUMENTATION_COMMENTS = YES;
				CLANG_WARN_EMPTY_BODY = YES;
				CLANG_WARN_ENUM_CONVERSION = YES;
				CLANG_WARN_INFINITE_RECURSION = YES;
				CLANG_WARN_INT_CONVERSION = YES;
				CLANG_WARN_NON_LITERAL_NULL_CONVERSION = YES;
				CLANG_WARN_OBJC_IMPLICIT_RETAIN_SELF = YES;
				CLANG_WARN_OBJC_LITERAL_CONVERSION = YES;
				CLANG_WARN_OBJC_ROOT_CLASS = YES_ERROR;
				CLANG_WARN_QUOTED_INCLUDE_IN_FRAMEWORK_HEADER = YES;
				CLANG_WARN_RANGE_LOOP_ANALYSIS = YES;
				CLANG_WARN_STRICT_PROTOTYPES = YES;
				CLANG_WARN_SUSPICIOUS_MOVE = YES;
				CLANG_WARN_UNGUARDED_AVAILABILITY = YES_AGGRESSIVE;
				CLANG_WARN_UNREACHABLE_CODE = YES;
				CLANG_WARN__DUPLICATE_METHOD_MATCH = YES;
				COPY_PHASE_STRIP = NO;
				DEBUG_INFORMATION_FORMAT = "dwarf-with-dsym";
				DEVELOPMENT_TEAM = 34878H47P6;
				ENABLE_NS_ASSERTIONS = NO;
				ENABLE_STRICT_OBJC_MSGSEND = YES;
				ENABLE_USER_SCRIPT_SANDBOXING = YES;
				GCC_C_LANGUAGE_STANDARD = gnu17;
				GCC_NO_COMMON_BLOCKS = YES;
				GCC_WARN_64_TO_32_BIT_CONVERSION = YES;
				GCC_WARN_ABOUT_RETURN_TYPE = YES_ERROR;
				GCC_WARN_UNDECLARED_SELECTOR = YES;
				GCC_WARN_UNINITIALIZED_AUTOS = YES_AGGRESSIVE;
				GCC_WARN_UNUSED_FUNCTION = YES;
				GCC_WARN_UNUSED_VARIABLE = YES;
				IPHONEOS_DEPLOYMENT_TARGET = 26.5;
				LOCALIZATION_PREFERS_STRING_CATALOGS = YES;
				MTL_ENABLE_DEBUG_INFO = NO;
				MTL_FAST_MATH = YES;
				SDKROOT = iphoneos;
				SWIFT_COMPILATION_MODE = wholemodule;
				VALIDATE_PRODUCT = YES;
			};
			name = Release;
		};
		DD3C56542FDFB9DD00B8AC17 /* Debug */ = {
			isa = XCBuildConfiguration;
			baseConfigurationReference = AA0000012FDFC10000B8AC17 /* AltiPin.xcconfig */;
			buildSettings = {
				ASSETCATALOG_COMPILER_APPICON_NAME = AppIcon;
				ASSETCATALOG_COMPILER_GLOBAL_ACCENT_COLOR_NAME = AccentColor;
				CODE_SIGN_ENTITLEMENTS = AltiPin/AltiPin.entitlements;
				CODE_SIGN_STYLE = Automatic;
				CURRENT_PROJECT_VERSION = 2;
				DEVELOPMENT_TEAM = 34878H47P6;
				ENABLE_PREVIEWS = YES;
				GENERATE_INFOPLIST_FILE = YES;
				INFOPLIST_FILE = "AltiPin/Config/Supabase-Info.plist";
				INFOPLIST_KEY_CFBundleDisplayName = TopoLog;
				INFOPLIST_KEY_NSCameraUsageDescription = "TopoLog needs camera access to capture photos and videos with geo stamps.";
				INFOPLIST_KEY_NSLocationAlwaysAndWhenInUseUsageDescription = "TopoLog needs your location in the background to record tracks and elevation.";
				INFOPLIST_KEY_NSLocationWhenInUseUsageDescription = "TopoLog needs your location to record tracks and elevation.";
				INFOPLIST_KEY_NSMicrophoneUsageDescription = "TopoLog needs microphone access to record videos with geo stamps.";
				INFOPLIST_KEY_NSMotionUsageDescription = "TopoLog uses motion activity to auto start/stop recording and save battery.";
				INFOPLIST_KEY_NSPhotoLibraryAddUsageDescription = "TopoLog needs photo library access to save captured content.";
				INFOPLIST_KEY_UIApplicationSceneManifest_Generation = YES;
				INFOPLIST_KEY_UIApplicationSupportsIndirectInputEvents = YES;
				INFOPLIST_KEY_UILaunchScreen_Generation = YES;
				INFOPLIST_KEY_UISupportedInterfaceOrientations_iPad = "UIInterfaceOrientationPortrait UIInterfaceOrientationPortraitUpsideDown UIInterfaceOrientationLandscapeLeft UIInterfaceOrientationLandscapeRight";
				INFOPLIST_KEY_UISupportedInterfaceOrientations_iPhone = "UIInterfaceOrientationPortrait UIInterfaceOrientationLandscapeLeft UIInterfaceOrientationLandscapeRight";
				IPHONEOS_DEPLOYMENT_TARGET = 18.6;
				LD_RUNPATH_SEARCH_PATHS = (
					"$(inherited)",
					"@executable_path/Frameworks",
				);
				MARKETING_VERSION = 1.0.0;
				PRODUCT_BUNDLE_IDENTIFIER = com.goodcraft.altipin2;
				PRODUCT_NAME = "$(TARGET_NAME)";
				STRING_CATALOG_GENERATE_SYMBOLS = YES;
				SUPPORTED_PLATFORMS = "iphoneos iphonesimulator";
				SUPPORTS_MACCATALYST = NO;
				SWIFT_APPROACHABLE_CONCURRENCY = YES;
				SWIFT_DEFAULT_ACTOR_ISOLATION = MainActor;
				SWIFT_EMIT_LOC_STRINGS = YES;
				SWIFT_UPCOMING_FEATURE_MEMBER_IMPORT_VISIBILITY = YES;
				SWIFT_VERSION = 5.0;
				TARGETED_DEVICE_FAMILY = 1;
			};
			name = Debug;
		};
		DD3C56552FDFB9DD00B8AC17 /* Release */ = {
			isa = XCBuildConfiguration;
			baseConfigurationReference = AA0000012FDFC10000B8AC17 /* AltiPin.xcconfig */;
			buildSettings = {
				ASSETCATALOG_COMPILER_APPICON_NAME = AppIcon;
				ASSETCATALOG_COMPILER_GLOBAL_ACCENT_COLOR_NAME = AccentColor;
				CODE_SIGN_ENTITLEMENTS = AltiPin/AltiPin.entitlements;
				CODE_SIGN_STYLE = Automatic;
				CURRENT_PROJECT_VERSION = 2;
				DEVELOPMENT_TEAM = 34878H47P6;
				ENABLE_PREVIEWS = YES;
				GENERATE_INFOPLIST_FILE = YES;
				INFOPLIST_FILE = "AltiPin/Config/Supabase-Info.plist";
				INFOPLIST_KEY_CFBundleDisplayName = TopoLog;
				INFOPLIST_KEY_NSCameraUsageDescription = "TopoLog needs camera access to capture photos and videos with geo stamps.";
				INFOPLIST_KEY_NSLocationAlwaysAndWhenInUseUsageDescription = "TopoLog needs your location in the background to record tracks and elevation.";
				INFOPLIST_KEY_NSLocationWhenInUseUsageDescription = "TopoLog needs your location to record tracks and elevation.";
				INFOPLIST_KEY_NSMicrophoneUsageDescription = "TopoLog needs microphone access to record videos with geo stamps.";
				INFOPLIST_KEY_NSMotionUsageDescription = "TopoLog uses motion activity to auto start/stop recording and save battery.";
				INFOPLIST_KEY_NSPhotoLibraryAddUsageDescription = "TopoLog needs photo library access to save captured content.";
				INFOPLIST_KEY_UIApplicationSceneManifest_Generation = YES;
				INFOPLIST_KEY_UIApplicationSupportsIndirectInputEvents = YES;
				INFOPLIST_KEY_UILaunchScreen_Generation = YES;
				INFOPLIST_KEY_UISupportedInterfaceOrientations_iPad = "UIInterfaceOrientationPortrait UIInterfaceOrientationPortraitUpsideDown UIInterfaceOrientationLandscapeLeft UIInterfaceOrientationLandscapeRight";
				INFOPLIST_KEY_UISupportedInterfaceOrientations_iPhone = "UIInterfaceOrientationPortrait UIInterfaceOrientationLandscapeLeft UIInterfaceOrientationLandscapeRight";
				IPHONEOS_DEPLOYMENT_TARGET = 18.6;
				LD_RUNPATH_SEARCH_PATHS = (
					"$(inherited)",
					"@executable_path/Frameworks",
				);
				MARKETING_VERSION = 1.0.0;
				PRODUCT_BUNDLE_IDENTIFIER = com.goodcraft.altipin2;
				PRODUCT_NAME = "$(TARGET_NAME)";
				STRING_CATALOG_GENERATE_SYMBOLS = YES;
				SUPPORTED_PLATFORMS = "iphoneos iphonesimulator";
				SUPPORTS_MACCATALYST = NO;
				SWIFT_APPROACHABLE_CONCURRENCY = YES;
				SWIFT_DEFAULT_ACTOR_ISOLATION = MainActor;
				SWIFT_EMIT_LOC_STRINGS = YES;
				SWIFT_UPCOMING_FEATURE_MEMBER_IMPORT_VISIBILITY = YES;
				SWIFT_VERSION = 5.0;
				TARGETED_DEVICE_FAMILY = 1;
			};
			name = Release;
		};
/* End XCBuildConfiguration section */

/* Begin XCConfigurationList section */
		DD3C56412FDFB9DC00B8AC17 /* Build configuration list for PBXProject "AltiPin" */ = {
			isa = XCConfigurationList;
			buildConfigurations = (
				DD3C56512FDFB9DD00B8AC17 /* Debug */,
				DD3C56522FDFB9DD00B8AC17 /* Release */,
			);
			defaultConfigurationIsVisible = 0;
			defaultConfigurationName = Release;
		};
		DD3C56532FDFB9DD00B8AC17 /* Build configuration list for PBXNativeTarget "AltiPin" */ = {
			isa = XCConfigurationList;
			buildConfigurations = (
				DD3C56542FDFB9DD00B8AC17 /* Debug */,
				DD3C56552FDFB9DD00B8AC17 /* Release */,
			);
			defaultConfigurationIsVisible = 0;
			defaultConfigurationName = Release;
		};
/* End XCConfigurationList section */

/* Begin XCRemoteSwiftPackageReference section */
		AA0000032FDFC10000B8AC17 /* XCRemoteSwiftPackageReference "supabase-swift" */ = {
			isa = XCRemoteSwiftPackageReference;
			repositoryURL = "https://github.com/supabase/supabase-swift";
			requirement = {
				kind = upToNextMajorVersion;
				minimumVersion = 2.44.0;
			};
		};
/* End XCRemoteSwiftPackageReference section */

/* Begin XCSwiftPackageProductDependency section */
		AA0000042FDFC10000B8AC17 /* Supabase */ = {
			isa = XCSwiftPackageProductDependency;
			package = AA0000032FDFC10000B8AC17 /* XCRemoteSwiftPackageReference "supabase-swift" */;
			productName = Supabase;
		};
/* End XCSwiftPackageProductDependency section */
	};
	rootObject = DD3C563E2FDFB9DC00B8AC17 /* Project object */;
}
